
Microsoft Visual Studio Solution File, Format Version 12.00
# Visual Studio Version 16
VisualStudioVersion = 16.0.29613.14
MinimumVisualStudioVersion = 10.0.40219.1
Project("{9A19103F-16F7-4668-BE54-9A1E7A4F7556}") = "Rezaee.Alireza.Web", "AlirezaRezaee.Web\Rezaee.Alireza.Web.csproj", "{B55DA485-0834-4E9E-ACDA-AB1C238B2549}"
EndProject
Project("{9A19103F-16F7-4668-BE54-9A1E7A4F7556}") = "UrlShortener.Web", "UrlShortener.Web\UrlShortener.Web.csproj", "{18096790-985D-4547-805C-E5CD60996A60}"
EndProject
Project("{FAE04EC0-301F-11D3-BF4B-00C04F79EFBC}") = "Rezaee.Accounts.Web", "Rezaee.Accounts.Web\Rezaee.Accounts.Web.csproj", "{8302B612-D28C-4B47-BBC2-5208F4B04D3A}"
EndProject
Project("{FAE04EC0-301F-11D3-BF4B-00C04F79EFBC}") = "Rezaee.Web", "Rezaee.Web\Rezaee.Web.csproj", "{F5F66465-10E5-497B-A3A8-1A83BFFB8F4C}"
EndProject
Global
	GlobalSection(SolutionConfigurationPlatforms) = preSolution
		Debug|Any CPU = Debug|Any CPU
		Release|Any CPU = Release|Any CPU
	EndGlobalSection
	GlobalSection(ProjectConfigurationPlatforms) = postSolution
		{B55DA485-0834-4E9E-ACDA-AB1C238B2549}.Debug|Any CPU.ActiveCfg = Debug|Any CPU
		{B55DA485-0834-4E9E-ACDA-AB1C238B2549}.Debug|Any CPU.Build.0 = Debug|Any CPU
		{B55DA485-0834-4E9E-ACDA-AB1C238B2549}.Release|Any CPU.ActiveCfg = Release|Any CPU
		{B55DA485-0834-4E9E-ACDA-AB1C238B2549}.Release|Any CPU.Build.0 = Release|Any CPU
		{18096790-985D-4547-805C-E5CD60996A60}.Debug|Any CPU.ActiveCfg = Debug|Any CPU
		{18096790-985D-4547-805C-E5CD60996A60}.Debug|Any CPU.Build.0 = Debug|Any CPU
		{18096790-985D-4547-805C-E5CD60996A60}.Release|Any CPU.ActiveCfg = Release|Any CPU
		{18096790-985D-4547-805C-E5CD60996A60}.Release|Any CPU.Build.0 = Release|Any CPU
		{8302B612-D28C-4B47-BBC2-5208F4B04D3A}.Debug|Any CPU.ActiveCfg = Debug|Any CPU
		{8302B612-D28C-4B47-BBC2-5208F4B04D3A}.Debug|Any CPU.Build.0 = Debug|Any CPU
		{8302B612-D28C-4B47-BBC2-5208F4B04D3A}.Release|Any CPU.ActiveCfg = Release|Any CPU
		{8302B612-D28C-4B47-BBC2-5208F4B04D3A}.Release|Any CPU.Build.0 = Release|Any CPU
		{F5F66465-10E5-497B-A3A8-1A83BFFB8F4C}.Debug|Any CPU.ActiveCfg = Debug|Any CPU
		{F5F66465-10E5-497B-A3A8-1A83BFFB8F4C}.Debug|Any CPU.Build.0 = Debug|Any CPU
		{F5F66465-10E5-497B-A3A8-1A83BFFB8F4C}.Release|Any CPU.ActiveCfg = Release|Any CPU
		{F5F66465-10E5-497B-A3A8-1A83BFFB8F4C}.Release|Any CPU.Build.0 = Release|Any CPU
	EndGlobalSection
	GlobalSection(SolutionProperties) = preSolution
		HideSolutionNode = FALSE
	EndGlobalSection
	GlobalSection(ExtensibilityGlobals) = postSolution
		SolutionGuid = {D519D7CF-38D0-477E-AC19-6BEB5FED5098}
	EndGlobalSection
EndGlobal
